%{
  "accessible": {:hex, :accessible, "0.3.0", "932f6ade6ea839212fea1735ab4ffdc39a3843a622f2ea5d28f0ab41c14b4435", [:mix], [], "hexpm", "13a11b0611ab82f7b9098a88465b5674f729c02bd613216243c123c65f90f296"},
  "arrows": {:hex, :arrows, "0.2.0", "11c078b52303413a987aa39c63d82d4b1b1d18f52bb0437de168c1010b396dbe", [:mix], [], "hexpm", "4c09a0b1084c6d40d7cbac68ec803eec0e3ecb7624cc693efdd79f17598e6085"},
  "assert_value": {:hex, :assert_value, "0.10.4", "0f0e528f048734e1b9c7ed947696a18d387cb052b68c20d973ed28ee03623b5a", [:mix], [], "hexpm", "802784272bbff2c257b04b264c02fddc072a625502d615f111dd4769f6b1d2c0"},
  "axon": {:hex, :axon, "0.7.0", "2e2c6d93b4afcfa812566b8922204fa022b60081e86ebd411df4db7ea30f5457", [:mix], [{:kino, "~> 0.7", [hex: :kino, repo: "hexpm", optional: true]}, {:kino_vega_lite, "~> 0.1.7", [hex: :kino_vega_lite, repo: "hexpm", optional: true]}, {:nx, "~> 0.9", [hex: :nx, repo: "hexpm", optional: false]}, {:polaris, "~> 0.1", [hex: :polaris, repo: "hexpm", optional: false]}, {:table_rex, "~> 3.1.1", [hex: :table_rex, repo: "hexpm", optional: true]}], "hexpm", "ee9857a143c9486597ceff434e6ca833dc1241be6158b01025b8217757ed1036"},
  "beam_file": {:hex, :beam_file, "0.6.2", "efd54ec60be6a03f0a8f96f72b0353427196613289c46032d3500f0ab6c34d32", [:mix], [], "hexpm", "09a99e8e5aad674edcad7213b0d7602375dfd3c7d02f8e3136e3efae0bcc9c56"},
  "bonfire_data_edges": {:git, "https://github.com/bonfire-networks/bonfire_data_edges", "8440c0f83f52adcebcbd5041f65a43c688f53171", []},
  "bonfire_data_identity": {:git, "https://github.com/bonfire-networks/bonfire_data_identity", "f85a23060dd0cc7452b4cb9e96e655db12f3d488", []},
  "brex_result": {:hex, :brex_result, "0.4.0", "c4f2a4a5b487c3d4cd0c94cef5df596eeae986c1dc7cfe08755efc7e766610eb", [:mix], [], "hexpm", "c221aac71c48727ef55dc56cf845772a54e1db538564280c868eb0595e1e44f8"},
  "bumblebee": {:hex, :bumblebee, "0.6.0", "1c731313308ff9fde2effc4a2f366742dbd78e227b84e980eb2804f6b9281724", [:mix], [{:axon, "~> 0.7.0", [hex: :axon, repo: "hexpm", optional: false]}, {:jason, "~> 1.4.0", [hex: :jason, repo: "hexpm", optional: false]}, {:nx, "~> 0.9.0", [hex: :nx, repo: "hexpm", optional: false]}, {:nx_image, "~> 0.1.0", [hex: :nx_image, repo: "hexpm", optional: false]}, {:nx_signal, "~> 0.2.0", [hex: :nx_signal, repo: "hexpm", optional: false]}, {:progress_bar, "~> 3.0", [hex: :progress_bar, repo: "hexpm", optional: false]}, {:safetensors, "~> 0.1.3", [hex: :safetensors, repo: "hexpm", optional: false]}, {:tokenizers, "~> 0.4", [hex: :tokenizers, repo: "hexpm", optional: false]}, {:unpickler, "~> 0.1.0", [hex: :unpickler, repo: "hexpm", optional: false]}, {:unzip, "~> 0.12.0", [hex: :unzip, repo: "hexpm", optional: false]}], "hexpm", "a8b863179d314e9615b00291d5dcd2dc043b294edc25b4483d5c88d1c8d21c89"},
  "castore": {:hex, :castore, "1.0.9", "5cc77474afadf02c7c017823f460a17daa7908e991b0cc917febc90e466a375c", [:mix], [], "hexpm", "5ea956504f1ba6f2b4eb707061d8e17870de2bee95fb59d512872c2ef06925e7"},
  "certifi": {:hex, :certifi, "2.12.0", "2d1cca2ec95f59643862af91f001478c9863c2ac9cb6e2f89780bfd8de987329", [:rebar3], [], "hexpm", "ee68d85df22e554040cdb4be100f33873ac6051387baf6a8f6ce82272340ff1c"},
  "cldr_utils": {:hex, :cldr_utils, "2.28.1", "3d85c835e1d0b7bceb9feed1647025ff7df59180246f13b582422f12b1afd52c", [:mix], [{:castore, "~> 0.1 or ~> 1.0", [hex: :castore, repo: "hexpm", optional: true]}, {:certifi, "~> 2.5", [hex: :certifi, repo: "hexpm", optional: true]}, {:decimal, "~> 1.9 or ~> 2.0", [hex: :decimal, repo: "hexpm", optional: false]}], "hexpm", "79a5f645481d09b1372962384aa275d67d69273e73e3b38a9fee363eb57c2b79"},
  "cloak": {:hex, :cloak, "1.1.4", "aba387b22ea4d80d92d38ab1890cc528b06e0e7ef2a4581d71c3fdad59e997e7", [:mix], [{:jason, "~> 1.0", [hex: :jason, repo: "hexpm", optional: true]}], "hexpm", "92b20527b9aba3d939fab0dd32ce592ff86361547cfdc87d74edce6f980eb3d7"},
  "combine": {:hex, :combine, "0.10.0", "eff8224eeb56498a2af13011d142c5e7997a80c8f5b97c499f84c841032e429f", [:mix], [], "hexpm", "1b1dbc1790073076580d0d1d64e42eae2366583e7aecd455d1215b0d16f2451b"},
  "complex": {:hex, :complex, "0.5.0", "af2d2331ff6170b61bb738695e481b27a66780e18763e066ee2cd863d0b1dd92", [:mix], [], "hexpm", "2683bd3c184466cfb94fad74cbfddfaa94b860e27ad4ca1bffe3bff169d91ef1"},
  "dataloader": {:hex, :dataloader, "2.0.0", "49b42d60b9bb06d761a71d7b034c4b34787957e713d4fae15387a25fcd639112", [:mix], [{:ecto, ">= 3.4.3 and < 4.0.0", [hex: :ecto, repo: "hexpm", optional: true]}, {:opentelemetry_process_propagator, "~> 0.2.1", [hex: :opentelemetry_process_propagator, repo: "hexpm", optional: true]}, {:telemetry, "~> 1.0", [hex: :telemetry, repo: "hexpm", optional: false]}], "hexpm", "09d61781b76ce216e395cdbc883ff00d00f46a503e215c22722dba82507dfef0"},
  "db_connection": {:hex, :db_connection, "2.7.0", "b99faa9291bb09892c7da373bb82cba59aefa9b36300f6145c5f201c7adf48ec", [:mix], [{:telemetry, "~> 0.4 or ~> 1.0", [hex: :telemetry, repo: "hexpm", optional: false]}], "hexpm", "dcf08f31b2701f857dfc787fbad78223d61a32204f217f15e881dd93e4bdd3ff"},
  "decimal": {:hex, :decimal, "2.1.1", "5611dca5d4b2c3dd497dec8f68751f1f1a54755e8ed2a966c2633cf885973ad6", [:mix], [], "hexpm", "53cfe5f497ed0e7771ae1a475575603d77425099ba5faef9394932b35020ffcc"},
  "decorator": {:hex, :decorator, "1.4.0", "a57ac32c823ea7e4e67f5af56412d12b33274661bb7640ec7fc882f8d23ac419", [:mix], [], "hexpm", "0a07cedd9083da875c7418dea95b78361197cf2bf3211d743f6f7ce39656597f"},
  "digital_token": {:hex, :digital_token, "0.6.0", "13e6de581f0b1f6c686f7c7d12ab11a84a7b22fa79adeb4b50eec1a2d278d258", [:mix], [{:cldr_utils, "~> 2.17", [hex: :cldr_utils, repo: "hexpm", optional: false]}, {:jason, "~> 1.0", [hex: :jason, repo: "hexpm", optional: true]}], "hexpm", "2455d626e7c61a128b02a4a8caddb092548c3eb613ac6f6a85e4cbb6caddc4d1"},
  "earmark": {:hex, :earmark, "1.4.47", "7e7596b84fe4ebeb8751e14cbaeaf4d7a0237708f2ce43630cfd9065551f94ca", [:mix], [], "hexpm", "3e96bebea2c2d95f3b346a7ff22285bc68a99fbabdad9b655aa9c6be06c698f8"},
  "ecto": {:hex, :ecto, "3.12.4", "267c94d9f2969e6acc4dd5e3e3af5b05cdae89a4d549925f3008b2b7eb0b93c3", [:mix], [{:decimal, "~> 2.0", [hex: :decimal, repo: "hexpm", optional: false]}, {:jason, "~> 1.0", [hex: :jason, repo: "hexpm", optional: true]}, {:telemetry, "~> 0.4 or ~> 1.0", [hex: :telemetry, repo: "hexpm", optional: false]}], "hexpm", "ef04e4101688a67d061e1b10d7bc1fbf00d1d13c17eef08b71d070ff9188f747"},
  "ecto_dev_logger": {:hex, :ecto_dev_logger, "0.13.0", "ddd8327737b60e2d93ed34dcaf74946077ed3874801d039f862995303a27e46b", [:mix], [{:ecto, "~> 3.7", [hex: :ecto, repo: "hexpm", optional: false]}, {:geo, "~> 3.5.1", [hex: :geo, repo: "hexpm", optional: true]}, {:jason, "~> 1.0", [hex: :jason, repo: "hexpm", optional: false]}], "hexpm", "17ec2b45dde985627f379b0be54394b1654bda2bd7e4e69ed1b1ef23eda1758f"},
  "ecto_shorts": {:git, "https://github.com/bonfire-networks/ecto_shorts", "37d4e7b8dd494ba60a5199ccf66ba38d47e72682", [branch: "refactor/attempt1"]},
  "ecto_sparkles": {:hex, :ecto_sparkles, "0.2.1", "c61ffd4e6aa2965b383e1d7ea53ddc730c5141306199abd57882261ba8555b96", [:mix], [{:ecto, "~> 3.8", [hex: :ecto, repo: "hexpm", optional: false]}, {:ecto_dev_logger, "~> 0.9", [hex: :ecto_dev_logger, repo: "hexpm", optional: false]}, {:ecto_sql, "~> 3.8", [hex: :ecto_sql, repo: "hexpm", optional: false]}, {:html_sanitize_ex, "~> 1.4.2", [hex: :html_sanitize_ex, repo: "hexpm", optional: true]}, {:recase, "~> 0.7", [hex: :recase, repo: "hexpm", optional: false]}, {:untangle, "~> 0.3", [hex: :untangle, repo: "hexpm", optional: false]}], "hexpm", "60cd0a891b258f7c03534179e647fbc6265bf7e89c8693c6d9570e10664dc8e7"},
  "ecto_sql": {:hex, :ecto_sql, "3.12.1", "c0d0d60e85d9ff4631f12bafa454bc392ce8b9ec83531a412c12a0d415a3a4d0", [:mix], [{:db_connection, "~> 2.4.1 or ~> 2.5", [hex: :db_connection, repo: "hexpm", optional: false]}, {:ecto, "~> 3.12", [hex: :ecto, repo: "hexpm", optional: false]}, {:myxql, "~> 0.7", [hex: :myxql, repo: "hexpm", optional: true]}, {:postgrex, "~> 0.19 or ~> 1.0", [hex: :postgrex, repo: "hexpm", optional: true]}, {:tds, "~> 2.1.1 or ~> 2.2", [hex: :tds, repo: "hexpm", optional: true]}, {:telemetry, "~> 0.4.0 or ~> 1.0", [hex: :telemetry, repo: "hexpm", optional: false]}], "hexpm", "aff5b958a899762c5f09028c847569f7dfb9cc9d63bdb8133bff8a5546de6bf5"},
  "emote": {:hex, :emote, "0.1.1", "953a3dca2b1627d7529934b8a9469f5baedc9038a0b1523f135a0e2b744afa9f", [:mix], [{:phoenix_html, "~> 3.3 or ~> 4.0", [hex: :phoenix_html, repo: "hexpm", optional: true]}], "hexpm", "d11219eb76966b0f38adb5ad12eef8dc6c7bb3929cfcdcd4ce9deb2bf784a0ce"},
  "ex_cldr": {:hex, :ex_cldr, "2.40.1", "c1fcb0cd9d2a70d28f4540a99f32127e7f1813e0db109d65ab29dea5337ae266", [:mix], [{:cldr_utils, "~> 2.28", [hex: :cldr_utils, repo: "hexpm", optional: false]}, {:decimal, "~> 1.6 or ~> 2.0", [hex: :decimal, repo: "hexpm", optional: false]}, {:gettext, "~> 0.19", [hex: :gettext, repo: "hexpm", optional: true]}, {:jason, "~> 1.0", [hex: :jason, repo: "hexpm", optional: true]}, {:nimble_parsec, "~> 0.5 or ~> 1.0", [hex: :nimble_parsec, repo: "hexpm", optional: true]}], "hexpm", "509810702e8e81991851d9426ffe6b34b48b7b9baa12922e7b3fb8f6368606f3"},
  "ex_cldr_calendars": {:hex, :ex_cldr_calendars, "1.26.1", "b9abb56a3443edf77e3180f4d45f7d18748d5a7f9fbe8f464cc33a6dcf253ea8", [:mix], [{:calendar_interval, "~> 0.2", [hex: :calendar_interval, repo: "hexpm", optional: true]}, {:ex_cldr_lists, "~> 2.10", [hex: :ex_cldr_lists, repo: "hexpm", optional: true]}, {:ex_cldr_numbers, "~> 2.31", [hex: :ex_cldr_numbers, repo: "hexpm", optional: false]}, {:ex_cldr_units, "~> 3.16", [hex: :ex_cldr_units, repo: "hexpm", optional: true]}, {:ex_doc, "~> 0.21", [hex: :ex_doc, repo: "hexpm", optional: true]}, {:jason, "~> 1.0", [hex: :jason, repo: "hexpm", optional: false]}], "hexpm", "f11a1981231e57cd07f76f6d90bb69a88251140a37cfbb9cb33f2051f7c15423"},
  "ex_cldr_currencies": {:hex, :ex_cldr_currencies, "2.16.2", "670d96cc4fb18cfebd82488ed687742683be2d0725d66ec051578d4b13539aa8", [:mix], [{:ex_cldr, "~> 2.38", [hex: :ex_cldr, repo: "hexpm", optional: false]}, {:jason, "~> 1.0", [hex: :jason, repo: "hexpm", optional: true]}], "hexpm", "2ccfac2838f4df8c8e5424dbc68eb2f3ac9eeb45e10365050901f7ac7a914ce1"},
  "ex_cldr_dates_times": {:hex, :ex_cldr_dates_times, "2.20.3", "153cf527f9f7e524ccee8511c2279e39bec589e652d3b0daf5ab018e2364bf86", [:mix], [{:calendar_interval, "~> 0.2", [hex: :calendar_interval, repo: "hexpm", optional: true]}, {:ex_cldr, "~> 2.40", [hex: :ex_cldr, repo: "hexpm", optional: false]}, {:ex_cldr_calendars, "~> 1.25", [hex: :ex_cldr_calendars, repo: "hexpm", optional: false]}, {:ex_cldr_units, "~> 3.17", [hex: :ex_cldr_units, repo: "hexpm", optional: true]}, {:jason, "~> 1.0", [hex: :jason, repo: "hexpm", optional: true]}, {:tz, "~> 0.26", [hex: :tz, repo: "hexpm", optional: true]}], "hexpm", "52fe1493f44d2420d4af80dbafb65c89bfd17f0758a98c4ad61182518bb6e5a1"},
  "ex_cldr_languages": {:hex, :ex_cldr_languages, "0.3.3", "9787002803552b15a7ade19496c9e46fc921baca992ea80d0394e11fe3acea45", [:mix], [{:ex_cldr, "~> 2.25", [hex: :ex_cldr, repo: "hexpm", optional: false]}, {:jason, "~> 1.0", [hex: :jason, repo: "hexpm", optional: true]}], "hexpm", "22fb1fef72b7b4b4872d243b34e7b83734247a78ad87377986bf719089cc447a"},
  "ex_cldr_lists": {:hex, :ex_cldr_lists, "2.11.1", "ad18f861d7c5ca82aac6d173469c6a2339645c96790172ab0aa255b64fb7303b", [:mix], [{:ex_cldr_numbers, "~> 2.25", [hex: :ex_cldr_numbers, repo: "hexpm", optional: false]}, {:ex_doc, "~> 0.18", [hex: :ex_doc, repo: "hexpm", optional: true]}, {:jason, "~> 1.0", [hex: :jason, repo: "hexpm", optional: true]}], "hexpm", "00161c04510ccb3f18b19a6b8562e50c21f1e9c15b8ff4c934bea5aad0b4ade2"},
  "ex_cldr_locale_display": {:hex, :ex_cldr_locale_display, "1.5.0", "2c398e123d1420ccf711f8a28705a7b57af97259ed085302b7e46f63efa3535a", [:mix], [{:ex_cldr, "~> 2.37", [hex: :ex_cldr, repo: "hexpm", optional: false]}, {:ex_cldr_currencies, "~> 2.12", [hex: :ex_cldr_currencies, repo: "hexpm", optional: false]}, {:ex_cldr_territories, "~> 2.4", [hex: :ex_cldr_territories, repo: "hexpm", optional: false]}, {:jason, "~> 1.0", [hex: :jason, repo: "hexpm", optional: true]}], "hexpm", "9bf20480e64e14a69a1a653df2c3608cfd4d7fae8101dcc45ab85377971dda12"},
  "ex_cldr_numbers": {:hex, :ex_cldr_numbers, "2.33.3", "9fedcf279a17d19abdf8872738472326e82378d90ec2dd9756a0c84558c86b36", [:mix], [{:decimal, "~> 1.6 or ~> 2.0", [hex: :decimal, repo: "hexpm", optional: false]}, {:digital_token, "~> 0.3 or ~> 1.0", [hex: :digital_token, repo: "hexpm", optional: false]}, {:ex_cldr, "~> 2.38", [hex: :ex_cldr, repo: "hexpm", optional: false]}, {:ex_cldr_currencies, "~> 2.16", [hex: :ex_cldr_currencies, repo: "hexpm", optional: false]}, {:jason, "~> 1.0", [hex: :jason, repo: "hexpm", optional: true]}], "hexpm", "4a0d90d06710c1499528d5f536c539379a73a68d4679c55375198a798d138442"},
  "ex_cldr_plugs": {:hex, :ex_cldr_plugs, "1.3.3", "d2fb605f8e25b89c5176377c03f8858985eeb350691a97502d190651df5ac999", [:mix], [{:ex_cldr, "~> 2.37", [hex: :ex_cldr, repo: "hexpm", optional: false]}, {:gettext, "~> 0.19", [hex: :gettext, repo: "hexpm", optional: true]}, {:jason, "~> 1.0", [hex: :jason, repo: "hexpm", optional: true]}, {:plug, "~> 1.9", [hex: :plug, repo: "hexpm", optional: false]}], "hexpm", "23ebfa8d7a9991b71515c865ddf00099c9a23425767fb5dcbbca636df4aaeaab"},
  "ex_cldr_territories": {:hex, :ex_cldr_territories, "2.9.0", "6db9bc0741688201f6730caa91805181ea4f3d40f3e56ea1bdd8c9ed73edaf73", [:mix], [{:ex_cldr, "~> 2.38", [hex: :ex_cldr, repo: "hexpm", optional: false]}, {:jason, "~> 1.0", [hex: :jason, repo: "hexpm", optional: true]}], "hexpm", "93ec0ae059a23680d418101e1972922efe7bdca7f177207a2a8932e7dd51d33f"},
  "ex_cldr_units": {:hex, :ex_cldr_units, "3.17.2", "b0483d5c61c6c8649aafdcafc7372dd71a7a30f52dd4c9b072576467bf721454", [:mix], [{:cldr_utils, "~> 2.25", [hex: :cldr_utils, repo: "hexpm", optional: false]}, {:decimal, "~> 1.6 or ~> 2.0", [hex: :decimal, repo: "hexpm", optional: false]}, {:ex_cldr_lists, "~> 2.10", [hex: :ex_cldr_lists, repo: "hexpm", optional: false]}, {:ex_cldr_numbers, "~> 2.33.0", [hex: :ex_cldr_numbers, repo: "hexpm", optional: false]}, {:ex_doc, "~> 0.18", [hex: :ex_doc, repo: "hexpm", optional: true]}, {:jason, "~> 1.0", [hex: :jason, repo: "hexpm", optional: true]}], "hexpm", "457d76c6e3b548bd7aba3c7b5d157213be2842d1162c2283abf81d9e2f1e1fc7"},
  "ex_ulid": {:hex, :ex_ulid, "0.1.0", "e6e717c57344f6e500d0190ccb4edc862b985a3680f15834af992ec065d4dcff", [:mix], [], "hexpm", "a2befd477aebc4639563de7e233e175cacf8a8f42c8f6778c88d60c13bf20860"},
  "exkismet": {:git, "https://github.com/tcitworld/exkismet", "68830454608d315f69d5fe1061ac1bf31c1a856e", [branch: "update-project"]},
  "expo": {:hex, :expo, "1.0.1", "f9e2f984f5b8d195815d52d0ba264798c12c8d2f2606f76fa4c60e8ebe39474d", [:mix], [], "hexpm", "f250b33274e3e56513644858c116f255d35c767c2b8e96a512fe7839ef9306a1"},
  "exto": {:hex, :exto, "0.4.0", "e911536a19374ff2c00547139e78f8708e5ddb992e9d520bed593579930ebb0c", [:mix], [{:accessible, "~> 0.3.0", [hex: :accessible, repo: "hexpm", optional: false]}, {:ecto, "~> 3.0", [hex: :ecto, repo: "hexpm", optional: false]}], "hexpm", "447afd96c2190c861db9f6201dfb733175473347a23c0c9d3169e17686ec7fd6"},
  "faker": {:hex, :faker, "0.18.0", "943e479319a22ea4e8e39e8e076b81c02827d9302f3d32726c5bf82f430e6e14", [:mix], [], "hexpm", "bfbdd83958d78e2788e99ec9317c4816e651ad05e24cfd1196ce5db5b3e81797"},
  "floki": {:hex, :floki, "0.36.2", "a7da0193538c93f937714a6704369711998a51a6164a222d710ebd54020aa7a3", [:mix], [], "hexpm", "a8766c0bc92f074e5cb36c4f9961982eda84c5d2b8e979ca67f5c268ec8ed580"},
  "flow": {:hex, :flow, "0.15.0", "503717c0e367b5713336181d5305106840f64abbad32c75d7af5ef1bb0908e38", [:mix], [{:gen_stage, "~> 0.14.0", [hex: :gen_stage, repo: "hexpm", optional: false]}], "hexpm", "d7ecbd4dd38a188494bc996d5014ef8335f436a0b262140a1f6441ae94714581"},
  "gen_stage": {:hex, :gen_stage, "0.14.3", "d0c66f1c87faa301c1a85a809a3ee9097a4264b2edf7644bf5c123237ef732bf", [:mix], [], "hexpm", "8453e2289d94c3199396eb517d65d6715ef26bcae0ee83eb5ff7a84445458d76"},
  "gettext": {:hex, :gettext, "0.26.1", "38e14ea5dcf962d1fc9f361b63ea07c0ce715a8ef1f9e82d3dfb8e67e0416715", [:mix], [{:expo, "~> 0.5.1 or ~> 1.0", [hex: :expo, repo: "hexpm", optional: false]}], "hexpm", "01ce56f188b9dc28780a52783d6529ad2bc7124f9744e571e1ee4ea88bf08734"},
  "git_diff": {:hex, :git_diff, "0.6.4", "ec53ebf8bf83b4527d938d6433e3686b47a3e2a23135a21038f76736c16bb6e0", [:mix], [], "hexpm", "9e05563c136c91e960a306fd296156b2e8d74e294ae60961e69a36e118023a5f"},
  "glob_ex": {:hex, :glob_ex, "0.1.8", "f7ef872877ca2ae7a792ab1f9ff73d9c16bf46ecb028603a8a3c5283016adc07", [:mix], [], "hexpm", "9e39d01729419a60a937c9260a43981440c43aa4cadd1fa6672fecd58241c464"},
  "hackney": {:hex, :hackney, "1.20.1", "8d97aec62ddddd757d128bfd1df6c5861093419f8f7a4223823537bad5d064e2", [:rebar3], [{:certifi, "~> 2.12.0", [hex: :certifi, repo: "hexpm", optional: false]}, {:idna, "~> 6.1.0", [hex: :idna, repo: "hexpm", optional: false]}, {:metrics, "~> 1.0.0", [hex: :metrics, repo: "hexpm", optional: false]}, {:mimerl, "~> 1.1", [hex: :mimerl, repo: "hexpm", optional: false]}, {:parse_trans, "3.4.1", [hex: :parse_trans, repo: "hexpm", optional: false]}, {:ssl_verify_fun, "~> 1.1.0", [hex: :ssl_verify_fun, repo: "hexpm", optional: false]}, {:unicode_util_compat, "~> 0.7.0", [hex: :unicode_util_compat, repo: "hexpm", optional: false]}], "hexpm", "fe9094e5f1a2a2c0a7d10918fee36bfec0ec2a979994cff8cfe8058cd9af38e3"},
  "html_entities": {:hex, :html_entities, "0.5.2", "9e47e70598da7de2a9ff6af8758399251db6dbb7eebe2b013f2bbd2515895c3c", [:mix], [], "hexpm", "c53ba390403485615623b9531e97696f076ed415e8d8058b1dbaa28181f4fdcc"},
  "html_sanitize_ex": {:hex, :html_sanitize_ex, "1.4.3", "67b3d9fa8691b727317e0cc96b9b3093be00ee45419ffb221cdeee88e75d1360", [:mix], [{:mochiweb, "~> 2.15 or ~> 3.1", [hex: :mochiweb, repo: "hexpm", optional: false]}], "hexpm", "87748d3c4afe949c7c6eb7150c958c2bcba43fc5b2a02686af30e636b74bccb7"},
  "httpoison": {:hex, :httpoison, "2.2.1", "87b7ed6d95db0389f7df02779644171d7319d319178f6680438167d7b69b1f3d", [:mix], [{:hackney, "~> 1.17", [hex: :hackney, repo: "hexpm", optional: false]}], "hexpm", "51364e6d2f429d80e14fe4b5f8e39719cacd03eb3f9a9286e61e216feac2d2df"},
  "idna": {:hex, :idna, "6.1.1", "8a63070e9f7d0c62eb9d9fcb360a7de382448200fbbd1b106cc96d3d8099df8d", [:rebar3], [{:unicode_util_compat, "~> 0.7.0", [hex: :unicode_util_compat, repo: "hexpm", optional: false]}], "hexpm", "92376eb7894412ed19ac475e4a86f7b413c1b9fbb5bd16dccd57934157944cea"},
  "igniter": {:hex, :igniter, "0.3.22", "342235c729ec7407ca9a7cf88cbaf7ea7568e5f0ec850e76a1b90c5e545d41d0", [:mix], [{:glob_ex, "~> 0.1.7", [hex: :glob_ex, repo: "hexpm", optional: false]}, {:inflex, "~> 2.0", [hex: :inflex, repo: "hexpm", optional: false]}, {:jason, "~> 1.4", [hex: :jason, repo: "hexpm", optional: false]}, {:nimble_options, "~> 1.0", [hex: :nimble_options, repo: "hexpm", optional: false]}, {:owl, "~> 0.9", [hex: :owl, repo: "hexpm", optional: false]}, {:rewrite, "~> 0.9", [hex: :rewrite, repo: "hexpm", optional: false]}, {:sourceror, "~> 1.4", [hex: :sourceror, repo: "hexpm", optional: false]}, {:spitfire, ">= 0.1.3 and < 1.0.0-0", [hex: :spitfire, repo: "hexpm", optional: false]}, {:ucwidth, "~> 0.2", [hex: :ucwidth, repo: "hexpm", optional: false]}], "hexpm", "db1dd4551ff8cf357581e53d64b6bd3f60a96e9032fcde1e860e0f4c6cf2bdc0"},
  "inflex": {:hex, :inflex, "2.1.0", "a365cf0821a9dacb65067abd95008ca1b0bb7dcdd85ae59965deef2aa062924c", [:mix], [], "hexpm", "14c17d05db4ee9b6d319b0bff1bdf22aa389a25398d1952c7a0b5f3d93162dd8"},
  "jason": {:hex, :jason, "1.4.4", "b9226785a9aa77b6857ca22832cffa5d5011a667207eb2a0ad56adb5db443b8a", [:mix], [{:decimal, "~> 1.0 or ~> 2.0", [hex: :decimal, repo: "hexpm", optional: true]}], "hexpm", "c5eb0cab91f094599f94d55bc63409236a8ec69a21a67814529e8d5f6cc90b3b"},
  "json_serde": {:hex, :json_serde, "1.1.1", "5315570dda1a0adc531a68b4d3946b5d9a1e9147391df2c53c327f4d5f213eed", [:mix], [{:brex_result, "~> 0.4.0", [hex: :brex_result, repo: "hexpm", optional: false]}, {:decimal, "~> 2.0", [hex: :decimal, repo: "hexpm", optional: false]}, {:jason, "~> 1.3", [hex: :jason, repo: "hexpm", optional: false]}], "hexpm", "0a7acdfac16efceb5337547e98418d3de083c066bbc05f3b5dd96c434d533922"},
  "metrics": {:hex, :metrics, "1.0.1", "25f094dea2cda98213cecc3aeff09e940299d950904393b2a29d191c346a8486", [:rebar3], [], "hexpm", "69b09adddc4f74a40716ae54d140f93beb0fb8978d8636eaded0c31b6f099f16"},
  "mime": {:hex, :mime, "2.0.6", "8f18486773d9b15f95f4f4f1e39b710045fa1de891fada4516559967276e4dc2", [:mix], [], "hexpm", "c9945363a6b26d747389aac3643f8e0e09d30499a138ad64fe8fd1d13d9b153e"},
  "mimerl": {:hex, :mimerl, "1.3.0", "d0cd9fc04b9061f82490f6581e0128379830e78535e017f7780f37fea7545726", [:rebar3], [], "hexpm", "a1e15a50d1887217de95f0b9b0793e32853f7c258a5cd227650889b38839fe9d"},
  "mochiweb": {:hex, :mochiweb, "3.2.2", "bb435384b3b9fd1f92f2f3fe652ea644432877a3e8a81ed6459ce951e0482ad3", [:rebar3], [], "hexpm", "4114e51f1b44c270b3242d91294fe174ce1ed989100e8b65a1fab58e0cba41d5"},
  "nebulex": {:hex, :nebulex, "2.6.3", "78af348ed9f8a338871b41e0b6de718c1808e627ce03fbe86598cbda2bdda2f5", [:mix], [{:decorator, "~> 1.4", [hex: :decorator, repo: "hexpm", optional: true]}, {:shards, "~> 1.1", [hex: :shards, repo: "hexpm", optional: true]}, {:telemetry, "~> 0.4 or ~> 1.0", [hex: :telemetry, repo: "hexpm", optional: true]}], "hexpm", "09cdcbb62f8463ffcec7cae4936425ce91e25d92a6cd37e48b5dda7c851958d5"},
  "needle": {:hex, :needle, "0.8.0", "27a6100e053e0885956dc74ee7dd34d87ac500106d84e249ad1c199ad351674b", [:mix], [{:ecto_sql, "~> 3.8", [hex: :ecto_sql, repo: "hexpm", optional: false]}, {:exto, "~> 0.4", [hex: :exto, repo: "hexpm", optional: false]}, {:needle_ulid, "~> 0.3", [hex: :needle_ulid, repo: "hexpm", optional: false]}, {:telemetry, "~> 0.4 or ~> 1.0", [hex: :telemetry, repo: "hexpm", optional: false]}], "hexpm", "041e2a43aa4451c231a4368d12c4c79299975be0b5c6fd59eea018c7a35dc13d"},
  "needle_uid": {:git, "https://github.com/bonfire-networks/needle_uid", "9b3cfcba18322cec0595fa51f90489001381f47b", []},
  "needle_ulid": {:git, "https://github.com/bonfire-networks/needle_ulid", "10f9ad7c9916f9ff3d5e4f34a1a270c45056fe8d", []},
  "neuron": {:hex, :neuron, "5.1.0", "dd321d5c2d9c03706ee7161ab49f8af634bfd1becb6fb95d8caa28bc95b6c655", [:mix], [{:httpoison, "~> 1.0 or ~> 2.0", [hex: :httpoison, repo: "hexpm", optional: false]}, {:jason, "~> 1.1", [hex: :jason, repo: "hexpm", optional: true]}], "hexpm", "23cddb0e0dd9c0eea247bc5b4bc3e1f8b52dbaf63f1637623920ec0b2385b6ce"},
  "nimble_options": {:hex, :nimble_options, "1.1.1", "e3a492d54d85fc3fd7c5baf411d9d2852922f66e69476317787a7b2bb000a61b", [:mix], [], "hexpm", "821b2470ca9442c4b6984882fe9bb0389371b8ddec4d45a9504f00a66f650b44"},
  "nimble_ownership": {:hex, :nimble_ownership, "1.0.0", "3f87744d42c21b2042a0aa1d48c83c77e6dd9dd357e425a038dd4b49ba8b79a1", [:mix], [], "hexpm", "7c16cc74f4e952464220a73055b557a273e8b1b7ace8489ec9d86e9ad56cb2cc"},
  "nx": {:hex, :nx, "0.9.1", "b5296f178d24ded118d5fd5c3977bb65c7f6ad8113eff4cb1401ac1770eb837a", [:mix], [{:complex, "~> 0.5", [hex: :complex, repo: "hexpm", optional: false]}, {:telemetry, "~> 0.4.0 or ~> 1.0", [hex: :telemetry, repo: "hexpm", optional: false]}], "hexpm", "f67ca8fcf09f73000e9a59a19f93ad8e0e581f4993e008527a4a6f280c71c467"},
  "nx_image": {:hex, :nx_image, "0.1.2", "0c6e3453c1dc30fc80c723a54861204304cebc8a89ed3b806b972c73ee5d119d", [:mix], [{:nx, "~> 0.4", [hex: :nx, repo: "hexpm", optional: false]}], "hexpm", "9161863c42405ddccb6dbbbeae078ad23e30201509cc804b3b3a7c9e98764b81"},
  "nx_signal": {:hex, :nx_signal, "0.2.0", "e1ca0318877b17c81ce8906329f5125f1e2361e4c4235a5baac8a95ee88ea98e", [:mix], [{:nx, "~> 0.6", [hex: :nx, repo: "hexpm", optional: false]}], "hexpm", "7247e5e18a177a59c4cb5355952900c62fdeadeb2bad02a9a34237b68744e2bb"},
  "opentelemetry_api": {:hex, :opentelemetry_api, "1.3.0", "03e2177f28dd8d11aaa88e8522c81c2f6a788170fe52f7a65262340961e663f9", [:mix, :rebar3], [{:opentelemetry_semantic_conventions, "~> 0.2", [hex: :opentelemetry_semantic_conventions, repo: "hexpm", optional: false]}], "hexpm", "b9e5ff775fd064fa098dba3c398490b77649a352b40b0b730a6b7dc0bdd68858"},
  "opentelemetry_semantic_conventions": {:hex, :opentelemetry_semantic_conventions, "0.2.0", "b67fe459c2938fcab341cb0951c44860c62347c005ace1b50f8402576f241435", [:mix, :rebar3], [], "hexpm", "d61fa1f5639ee8668d74b527e6806e0503efc55a42db7b5f39939d84c07d6895"},
  "owl": {:hex, :owl, "0.11.0", "2cd46185d330aa2400f1c8c3cddf8d2ff6320baeff23321d1810e58127082cae", [:mix], [{:ucwidth, "~> 0.2", [hex: :ucwidth, repo: "hexpm", optional: true]}], "hexpm", "73f5783f0e963cc04a061be717a0dbb3e49ae0c4bfd55fb4b78ece8d33a65efe"},
  "paginator": {:git, "https://github.com/bonfire-networks/paginator", "2467c10cf8d522cbf0e3a2564d650cc8180b5190", []},
  "parse_trans": {:hex, :parse_trans, "3.4.1", "6e6aa8167cb44cc8f39441d05193be6e6f4e7c2946cb2759f015f8c56b76e5ff", [:rebar3], [], "hexpm", "620a406ce75dada827b82e453c19cf06776be266f5a67cff34e1ef2cbb60e49a"},
  "pathex": {:hex, :pathex, "2.6.0", "06fad5aaf81b2505698436e68e9f26a4cab3fab66aab10ff294e72974830fad1", [:mix], [], "hexpm", "359256d4748f598b6808a0acf18324e28511f5c057a4acdc5e0727d995d52c07"},
  "plug": {:hex, :plug, "1.16.1", "40c74619c12f82736d2214557dedec2e9762029b2438d6d175c5074c933edc9d", [:mix], [{:mime, "~> 1.0 or ~> 2.0", [hex: :mime, repo: "hexpm", optional: false]}, {:plug_crypto, "~> 1.1.1 or ~> 1.2 or ~> 2.0", [hex: :plug_crypto, repo: "hexpm", optional: false]}, {:telemetry, "~> 0.4.3 or ~> 1.0", [hex: :telemetry, repo: "hexpm", optional: false]}], "hexpm", "a13ff6b9006b03d7e33874945b2755253841b238c34071ed85b0e86057f8cddc"},
  "plug_crypto": {:hex, :plug_crypto, "2.1.0", "f44309c2b06d249c27c8d3f65cfe08158ade08418cf540fd4f72d4d6863abb7b", [:mix], [], "hexpm", "131216a4b030b8f8ce0f26038bc4421ae60e4bb95c5cf5395e1421437824c4fa"},
  "polaris": {:hex, :polaris, "0.1.0", "dca61b18e3e801ecdae6ac9f0eca5f19792b44a5cb4b8d63db50fc40fc038d22", [:mix], [{:nx, "~> 0.5", [hex: :nx, repo: "hexpm", optional: false]}], "hexpm", "13ef2b166650e533cb24b10e2f3b8ab4f2f449ba4d63156e8c569527f206e2c2"},
  "postgrex": {:hex, :postgrex, "0.18.0", "f34664101eaca11ff24481ed4c378492fed2ff416cd9b06c399e90f321867d7e", [:mix], [{:db_connection, "~> 2.1", [hex: :db_connection, repo: "hexpm", optional: false]}, {:decimal, "~> 1.5 or ~> 2.0", [hex: :decimal, repo: "hexpm", optional: false]}, {:jason, "~> 1.0", [hex: :jason, repo: "hexpm", optional: true]}, {:table, "~> 0.1.0", [hex: :table, repo: "hexpm", optional: true]}], "hexpm", "a042989ba1bc1cca7383ebb9e461398e3f89f868c92ce6671feb7ef132a252d1"},
  "pride": {:git, "https://github.com/bonfire-networks/pride", "bf2df6169d48cabc1b567cdaa27c0b0546ce3749", []},
  "process_tree": {:hex, :process_tree, "0.1.3", "12ca2724d74b211bcb106659cb64d11a88fe6e8e3256071c601233d469235665", [:mix], [], "hexpm", "156e8b4f8ed51f80dd134fc0de89af1ad3ec84a255a9c036c92a2e02e3b24302"},
  "progress_bar": {:hex, :progress_bar, "3.0.0", "f54ff038c2ac540cfbb4c2bfe97c75e7116ead044f3c2b10c9f212452194b5cd", [:mix], [{:decimal, "~> 2.0", [hex: :decimal, repo: "hexpm", optional: false]}], "hexpm", "6981c2b25ab24aecc91a2dc46623658e1399c21a2ae24db986b90d678530f2b7"},
  "recase": {:hex, :recase, "0.8.1", "ab98cd35857a86fa5ca99036f575241d71d77d9c2ab0c39aacf1c9b61f6f7d1d", [:mix], [], "hexpm", "9fd8d63e7e43bd9ea385b12364e305778b2bbd92537e95c4b2e26fc507d5e4c2"},
  "rewrite": {:hex, :rewrite, "0.10.5", "6afadeae0b9d843b27ac6225e88e165884875e0aed333ef4ad3bf36f9c101bed", [:mix], [{:glob_ex, "~> 0.1", [hex: :glob_ex, repo: "hexpm", optional: false]}, {:sourceror, "~> 1.0", [hex: :sourceror, repo: "hexpm", optional: false]}], "hexpm", "51cc347a4269ad3a1e7a2c4122dbac9198302b082f5615964358b4635ebf3d4f"},
  "rustler_precompiled": {:hex, :rustler_precompiled, "0.8.2", "5f25cbe220a8fac3e7ad62e6f950fcdca5a5a5f8501835d2823e8c74bf4268d5", [:mix], [{:castore, "~> 0.1 or ~> 1.0", [hex: :castore, repo: "hexpm", optional: false]}, {:rustler, "~> 0.23", [hex: :rustler, repo: "hexpm", optional: true]}], "hexpm", "63d1bd5f8e23096d1ff851839923162096364bac8656a4a3c00d1fff8e83ee0a"},
  "safetensors": {:hex, :safetensors, "0.1.3", "7ff3c22391e213289c713898481d492c9c28a49ab1d0705b72630fb8360426b2", [:mix], [{:jason, "~> 1.4", [hex: :jason, repo: "hexpm", optional: false]}, {:nx, "~> 0.5", [hex: :nx, repo: "hexpm", optional: false]}], "hexpm", "fe50b53ea59fde4e723dd1a2e31cfdc6013e69343afac84c6be86d6d7c562c14"},
  "sentry": {:hex, :sentry, "10.7.0", "22af74d002229238b027d051d2bdd26bcd9789db5fea7335170aa41de7a658ce", [:mix], [{:hackney, "~> 1.8", [hex: :hackney, repo: "hexpm", optional: true]}, {:jason, "~> 1.1", [hex: :jason, repo: "hexpm", optional: true]}, {:nimble_options, "~> 1.0", [hex: :nimble_options, repo: "hexpm", optional: false]}, {:nimble_ownership, "~> 0.3.0 or ~> 1.0", [hex: :nimble_ownership, repo: "hexpm", optional: false]}, {:phoenix, "~> 1.6", [hex: :phoenix, repo: "hexpm", optional: true]}, {:phoenix_live_view, "~> 0.20", [hex: :phoenix_live_view, repo: "hexpm", optional: true]}, {:plug, "~> 1.6", [hex: :plug, repo: "hexpm", optional: true]}, {:telemetry, "~> 0.4 or ~> 1.0", [hex: :telemetry, repo: "hexpm", optional: true]}], "hexpm", "ca732b35480b8023db2d6dd36418a603c54bdcb9111dbcc246f9d7219669b531"},
  "sizeable": {:hex, :sizeable, "1.0.2", "625fe06a5dad188b52121a140286f1a6ae1adf350a942cf419499ecd8a11ee29", [:mix], [], "hexpm", "4bab548e6dfba777b400ca50830a9e3a4128e73df77ab1582540cf5860601762"},
  "sourceror": {:hex, :sourceror, "1.6.0", "9907884e1449a4bd7dbaabe95088ed4d9a09c3c791fb0103964e6316bc9448a7", [:mix], [], "hexpm", "e90aef8c82dacf32c89c8ef83d1416fc343cd3e5556773eeffd2c1e3f991f699"},
  "spitfire": {:hex, :spitfire, "0.1.3", "7ea0f544005dfbe48e615ed90250c9a271bfe126914012023fd5e4b6b82b7ec7", [:mix], [], "hexpm", "d53b5107bcff526a05c5bb54c95e77b36834550affd5830c9f58760e8c543657"},
  "ssl_verify_fun": {:hex, :ssl_verify_fun, "1.1.7", "354c321cf377240c7b8716899e182ce4890c5938111a1296add3ec74cf1715df", [:make, :mix, :rebar3], [], "hexpm", "fe4c190e8f37401d30167c8c405eda19469f34577987c76dde613e838bbc67f8"},
  "telemetry": {:hex, :telemetry, "1.3.0", "fedebbae410d715cf8e7062c96a1ef32ec22e764197f70cda73d82778d61e7a2", [:rebar3], [], "hexpm", "7015fc8919dbe63764f4b4b87a95b7c0996bd539e0d499be6ec9d7f3875b79e6"},
  "text": {:hex, :text, "0.2.0", "5a1d84eec574533d500439feacafe3681e2326f883800976df9f9dffd4cf9afd", [:mix], [{:flow, "~> 0.14", [hex: :flow, repo: "hexpm", optional: false]}], "hexpm", "5ca265ba24bd2f00ab647dd524305e24cc17224b4f0052f169ff488013888bc3"},
  "text_corpus_udhr": {:hex, :text_corpus_udhr, "0.1.0", "d29b37bdeedc922138e144a7161cae4ece3d7809d37a52398cb9d43d923cc141", [:mix], [{:text, "~> 0.2", [hex: :text, repo: "hexpm", optional: false]}], "hexpm", "056a0b6a804ef03070f89b9b2e09d3271539654f4e2c30bb7d229730262f3fb8"},
  "timex": {:hex, :timex, "3.7.11", "bb95cb4eb1d06e27346325de506bcc6c30f9c6dea40d1ebe390b262fad1862d1", [:mix], [{:combine, "~> 0.10", [hex: :combine, repo: "hexpm", optional: false]}, {:gettext, "~> 0.20", [hex: :gettext, repo: "hexpm", optional: false]}, {:tzdata, "~> 1.1", [hex: :tzdata, repo: "hexpm", optional: false]}], "hexpm", "8b9024f7efbabaf9bd7aa04f65cf8dcd7c9818ca5737677c7b76acbc6a94d1aa"},
  "tokenizers": {:hex, :tokenizers, "0.5.1", "b0975d92b4ee5b18e8f47b5d65b9d5f1e583d9130189b1a2620401af4e7d4b35", [:mix], [{:castore, "~> 0.1 or ~> 1.0", [hex: :castore, repo: "hexpm", optional: false]}, {:rustler, ">= 0.0.0", [hex: :rustler, repo: "hexpm", optional: true]}, {:rustler_precompiled, "~> 0.6", [hex: :rustler_precompiled, repo: "hexpm", optional: false]}], "hexpm", "5f08d97cc7f2ed3d71d370d68120da6d3de010948ccf676c9c0eb591ba4bacc9"},
  "tzdata": {:hex, :tzdata, "1.1.1", "20c8043476dfda8504952d00adac41c6eda23912278add38edc140ae0c5bcc46", [:mix], [{:hackney, "~> 1.17", [hex: :hackney, repo: "hexpm", optional: false]}], "hexpm", "a69cec8352eafcd2e198dea28a34113b60fdc6cb57eb5ad65c10292a6ba89787"},
  "ucwidth": {:hex, :ucwidth, "0.2.0", "1f0a440f541d895dff142275b96355f7e91e15bca525d4a0cc788ea51f0e3441", [:mix], [], "hexpm", "c1efd1798b8eeb11fb2bec3cafa3dd9c0c3647bee020543f0340b996177355bf"},
  "unicode_util_compat": {:hex, :unicode_util_compat, "0.7.0", "bc84380c9ab48177092f43ac89e4dfa2c6d62b40b8bd132b1059ecc7232f9a78", [:rebar3], [], "hexpm", "25eee6d67df61960cf6a794239566599b09e17e668d3700247bc498638152521"},
  "unpickler": {:hex, :unpickler, "0.1.0", "c2262c0819e6985b761e7107546cef96a485f401816be5304a65fdd200d5bd6a", [:mix], [], "hexpm", "e2b3f61e62406187ac52afead8a63bfb4e49394028993f3c4c42712743cab79e"},
  "untangle": {:hex, :untangle, "0.3.1", "c57fe7013207c722544d8e68f958e6fadef97a1276697980b7a7de7a5cc26c05", [:mix], [{:decorator, "~> 1.4", [hex: :decorator, repo: "hexpm", optional: false]}], "hexpm", "25aeac848379652e579eb1295a08b277a2b2712b79e1b2ceabe06e1d1d423971"},
  "unzip": {:hex, :unzip, "0.12.0", "beed92238724732418b41eba77dcb7f51e235b707406c05b1732a3052d1c0f36", [:mix], [], "hexpm", "95655b72db368e5a84951f0bed586ac053b55ee3815fd96062fce10ce4fc998d"},
  "zest": {:hex, :zest, "0.1.2", "ddf3a045ee32c6452b8ac050b22da0b2eceae5aaa7d63163fb09e5fbb925fbbe", [:mix], [], "hexpm", "ebe2d6acf615de286e45846a3d6daf72d7c20f2c5eefada6d8a1729256a3974a"},
}
