%{
  "arrows": {:hex, :arrows, "0.1.1", "c414e21173115987578bda1bf35a60cde228a16d7e52d9f6c76e1c8914c22c79", [:mix], [], "hexpm", "ce6de75d7cb43a032e9856826c5bace8f43434ee574e4a6a412f9d3b3931062e"},
  "assert_value": {:hex, :assert_value, "0.10.4", "0f0e528f048734e1b9c7ed947696a18d387cb052b68c20d973ed28ee03623b5a", [:mix], [], "hexpm", "802784272bbff2c257b04b264c02fddc072a625502d615f111dd4769f6b1d2c0"},
  "beam_file": {:hex, :beam_file, "0.5.3", "8ef6b6ab3b2981e5d67c20e635fdddab4b82d96d25fe50c26a259bafed996ead", [:mix], [], "hexpm", "f4722cc3b811b94c4941fa981e25319f7b2ae24495196fcf075208cffb9228e4"},
  "bonfire_data_edges": {:git, "https://github.com/bonfire-networks/bonfire_data_edges", "e3b678deec7c74a636703a9babf61f03b01ed8f1", [branch: "main"]},
  "bonfire_data_identity": {:git, "https://github.com/bonfire-networks/bonfire_data_identity", "b44b66a6784532087fe37af6c65642da0d5f12b3", [branch: "main"]},
  "brex_result": {:hex, :brex_result, "0.4.0", "c4f2a4a5b487c3d4cd0c94cef5df596eeae986c1dc7cfe08755efc7e766610eb", [:mix], [], "hexpm", "c221aac71c48727ef55dc56cf845772a54e1db538564280c868eb0595e1e44f8"},
  "certifi": {:hex, :certifi, "2.12.0", "2d1cca2ec95f59643862af91f001478c9863c2ac9cb6e2f89780bfd8de987329", [:rebar3], [], "hexpm", "ee68d85df22e554040cdb4be100f33873ac6051387baf6a8f6ce82272340ff1c"},
  "cldr_utils": {:hex, :cldr_utils, "2.24.2", "364fa30be55d328e704629568d431eb74cd2f085752b27f8025520b566352859", [:mix], [{:castore, "~> 0.1 or ~> 1.0", [hex: :castore, repo: "hexpm", optional: true]}, {:certifi, "~> 2.5", [hex: :certifi, repo: "hexpm", optional: true]}, {:decimal, "~> 1.9 or ~> 2.0", [hex: :decimal, repo: "hexpm", optional: false]}], "hexpm", "3362b838836a9f0fa309de09a7127e36e67310e797d556db92f71b548832c7cf"},
  "combine": {:hex, :combine, "0.10.0", "eff8224eeb56498a2af13011d142c5e7997a80c8f5b97c499f84c841032e429f", [:mix], [], "hexpm", "1b1dbc1790073076580d0d1d64e42eae2366583e7aecd455d1215b0d16f2451b"},
  "dataloader": {:hex, :dataloader, "2.0.0", "49b42d60b9bb06d761a71d7b034c4b34787957e713d4fae15387a25fcd639112", [:mix], [{:ecto, ">= 3.4.3 and < 4.0.0", [hex: :ecto, repo: "hexpm", optional: true]}, {:opentelemetry_process_propagator, "~> 0.2.1", [hex: :opentelemetry_process_propagator, repo: "hexpm", optional: true]}, {:telemetry, "~> 1.0", [hex: :telemetry, repo: "hexpm", optional: false]}], "hexpm", "09d61781b76ce216e395cdbc883ff00d00f46a503e215c22722dba82507dfef0"},
  "db_connection": {:hex, :db_connection, "2.6.0", "77d835c472b5b67fc4f29556dee74bf511bbafecdcaf98c27d27fa5918152086", [:mix], [{:telemetry, "~> 0.4 or ~> 1.0", [hex: :telemetry, repo: "hexpm", optional: false]}], "hexpm", "c2f992d15725e721ec7fbc1189d4ecdb8afef76648c746a8e1cad35e3b8a35f3"},
  "decimal": {:hex, :decimal, "2.1.1", "5611dca5d4b2c3dd497dec8f68751f1f1a54755e8ed2a966c2633cf885973ad6", [:mix], [], "hexpm", "53cfe5f497ed0e7771ae1a475575603d77425099ba5faef9394932b35020ffcc"},
  "decorator": {:hex, :decorator, "1.4.0", "a57ac32c823ea7e4e67f5af56412d12b33274661bb7640ec7fc882f8d23ac419", [:mix], [], "hexpm", "0a07cedd9083da875c7418dea95b78361197cf2bf3211d743f6f7ce39656597f"},
  "digital_token": {:hex, :digital_token, "0.6.0", "13e6de581f0b1f6c686f7c7d12ab11a84a7b22fa79adeb4b50eec1a2d278d258", [:mix], [{:cldr_utils, "~> 2.17", [hex: :cldr_utils, repo: "hexpm", optional: false]}, {:jason, "~> 1.0", [hex: :jason, repo: "hexpm", optional: true]}], "hexpm", "2455d626e7c61a128b02a4a8caddb092548c3eb613ac6f6a85e4cbb6caddc4d1"},
  "earmark": {:hex, :earmark, "1.4.46", "8c7287bd3137e99d26ae4643e5b7ef2129a260e3dcf41f251750cb4563c8fb81", [:mix], [], "hexpm", "798d86db3d79964e759ddc0c077d5eb254968ed426399fbf5a62de2b5ff8910a"},
  "ecto": {:hex, :ecto, "3.11.1", "4b4972b717e7ca83d30121b12998f5fcdc62ba0ed4f20fd390f16f3270d85c3e", [:mix], [{:decimal, "~> 2.0", [hex: :decimal, repo: "hexpm", optional: false]}, {:jason, "~> 1.0", [hex: :jason, repo: "hexpm", optional: true]}, {:telemetry, "~> 0.4 or ~> 1.0", [hex: :telemetry, repo: "hexpm", optional: false]}], "hexpm", "ebd3d3772cd0dfcd8d772659e41ed527c28b2a8bde4b00fe03e0463da0f1983b"},
  "ecto_dev_logger": {:hex, :ecto_dev_logger, "0.10.0", "5b3a3900b845e0d40127bed9bdf9d02bf20aa38198a60fe108cddff63ed0048f", [:mix], [{:ecto, "~> 3.7", [hex: :ecto, repo: "hexpm", optional: false]}, {:jason, "~> 1.0", [hex: :jason, repo: "hexpm", optional: false]}], "hexpm", "a55e58bad5d5c9b8ef2a3c3347dbdf7efa880a5371cf1457e44b41f489a43927"},
  "ecto_shorts": {:git, "https://github.com/bonfire-networks/ecto_shorts", "df0b0cc301616da9ea47131b425ca4a06d3e78cf", [branch: "refactor/attempt1"]},
  "ecto_sparkles": {:hex, :ecto_sparkles, "0.1.3", "0efb937bb8922a23f83d728ee357c12200a98936aa8d0799f3113083f2d0391e", [:mix], [{:ecto, "~> 3.8", [hex: :ecto, repo: "hexpm", optional: false]}, {:ecto_dev_logger, "~> 0.9", [hex: :ecto_dev_logger, repo: "hexpm", optional: false]}, {:ecto_sql, "~> 3.8", [hex: :ecto_sql, repo: "hexpm", optional: false]}, {:html_sanitize_ex, "~> 1.4.2", [hex: :html_sanitize_ex, repo: "hexpm", optional: true]}, {:recase, "~> 0.7", [hex: :recase, repo: "hexpm", optional: false]}, {:untangle, "~> 0.3", [hex: :untangle, repo: "hexpm", optional: false]}], "hexpm", "ca65b2216eeba8fc5d8019cabb7a77fb238cae2293d45bd18984b312f27b71c7"},
  "ecto_sql": {:hex, :ecto_sql, "3.11.1", "e9abf28ae27ef3916b43545f9578b4750956ccea444853606472089e7d169470", [:mix], [{:db_connection, "~> 2.4.1 or ~> 2.5", [hex: :db_connection, repo: "hexpm", optional: false]}, {:ecto, "~> 3.11.0", [hex: :ecto, repo: "hexpm", optional: false]}, {:myxql, "~> 0.6.0", [hex: :myxql, repo: "hexpm", optional: true]}, {:postgrex, "~> 0.16.0 or ~> 0.17.0 or ~> 1.0", [hex: :postgrex, repo: "hexpm", optional: true]}, {:tds, "~> 2.1.1 or ~> 2.2", [hex: :tds, repo: "hexpm", optional: true]}, {:telemetry, "~> 0.4.0 or ~> 1.0", [hex: :telemetry, repo: "hexpm", optional: false]}], "hexpm", "ce14063ab3514424276e7e360108ad6c2308f6d88164a076aac8a387e1fea634"},
  "emote": {:git, "https://github.com/bonfire-networks/emote", "787eef4b365069188d65084c16f44db2f59506cb", [branch: "master"]},
  "ex_cldr": {:hex, :ex_cldr, "2.37.5", "9da6d97334035b961d2c2de167dc6af8cd3e09859301a5b8f49f90bd8b034593", [:mix], [{:cldr_utils, "~> 2.21", [hex: :cldr_utils, repo: "hexpm", optional: false]}, {:decimal, "~> 1.6 or ~> 2.0", [hex: :decimal, repo: "hexpm", optional: false]}, {:gettext, "~> 0.19", [hex: :gettext, repo: "hexpm", optional: true]}, {:jason, "~> 1.0", [hex: :jason, repo: "hexpm", optional: true]}, {:nimble_parsec, "~> 0.5 or ~> 1.0", [hex: :nimble_parsec, repo: "hexpm", optional: true]}], "hexpm", "74ad5ddff791112ce4156382e171a5f5d3766af9d5c4675e0571f081fe136479"},
  "ex_cldr_calendars": {:hex, :ex_cldr_calendars, "1.23.1", "822739e588ab2fe64de37f40bbda4f05e45a3d3d444373a56d5376dcc4e2e454", [:mix], [{:calendar_interval, "~> 0.2", [hex: :calendar_interval, repo: "hexpm", optional: true]}, {:ex_cldr_lists, "~> 2.10", [hex: :ex_cldr_lists, repo: "hexpm", optional: true]}, {:ex_cldr_numbers, "~> 2.31", [hex: :ex_cldr_numbers, repo: "hexpm", optional: false]}, {:ex_cldr_units, "~> 3.16", [hex: :ex_cldr_units, repo: "hexpm", optional: true]}, {:ex_doc, "~> 0.21", [hex: :ex_doc, repo: "hexpm", optional: true]}, {:jason, "~> 1.0", [hex: :jason, repo: "hexpm", optional: false]}], "hexpm", "2983f002016c283d14ee838d1950d2f9a1e58e8b19a2145d95079874fe6de10d"},
  "ex_cldr_currencies": {:hex, :ex_cldr_currencies, "2.15.1", "e92ba17c41e7405b7784e0e65f406b5f17cfe313e0e70de9befd653e12854822", [:mix], [{:ex_cldr, "~> 2.34", [hex: :ex_cldr, repo: "hexpm", optional: false]}, {:jason, "~> 1.0", [hex: :jason, repo: "hexpm", optional: true]}], "hexpm", "31df8bd37688340f8819bdd770eb17d659652078d34db632b85d4a32864d6a25"},
  "ex_cldr_dates_times": {:hex, :ex_cldr_dates_times, "2.16.0", "d9848a5de83b6f1bcba151cc43d63b5c6311813cd605b1df1afd896dfdd21001", [:mix], [{:calendar_interval, "~> 0.2", [hex: :calendar_interval, repo: "hexpm", optional: true]}, {:ex_cldr_calendars, "~> 1.22", [hex: :ex_cldr_calendars, repo: "hexpm", optional: false]}, {:ex_cldr_numbers, "~> 2.31", [hex: :ex_cldr_numbers, repo: "hexpm", optional: false]}, {:jason, "~> 1.0", [hex: :jason, repo: "hexpm", optional: true]}, {:tz, "~> 0.26", [hex: :tz, repo: "hexpm", optional: true]}], "hexpm", "0f2f250d479cadda4e0ef3a5e3d936ae7ba1a3f1199db6791e284e86203495b1"},
  "ex_cldr_languages": {:hex, :ex_cldr_languages, "0.3.3", "9787002803552b15a7ade19496c9e46fc921baca992ea80d0394e11fe3acea45", [:mix], [{:ex_cldr, "~> 2.25", [hex: :ex_cldr, repo: "hexpm", optional: false]}, {:jason, "~> 1.0", [hex: :jason, repo: "hexpm", optional: true]}], "hexpm", "22fb1fef72b7b4b4872d243b34e7b83734247a78ad87377986bf719089cc447a"},
  "ex_cldr_lists": {:hex, :ex_cldr_lists, "2.10.2", "c8dbb3324ca35cea3679a96f4c774cdf4bdd425786a44c4f52aacb57a0cee446", [:mix], [{:ex_cldr_numbers, "~> 2.25", [hex: :ex_cldr_numbers, repo: "hexpm", optional: false]}, {:ex_doc, "~> 0.18", [hex: :ex_doc, repo: "hexpm", optional: true]}, {:jason, "~> 1.0", [hex: :jason, repo: "hexpm", optional: true]}], "hexpm", "0cc2124eccffa5438045c2504dd3365490b64065131f58ecc27f344db1edb4b8"},
  "ex_cldr_numbers": {:hex, :ex_cldr_numbers, "2.32.4", "5562148dfc631b04712983975093d2aac29df30b3bf2f7257e0c94b85b72e91b", [:mix], [{:decimal, "~> 1.6 or ~> 2.0", [hex: :decimal, repo: "hexpm", optional: false]}, {:digital_token, "~> 0.3 or ~> 1.0", [hex: :digital_token, repo: "hexpm", optional: false]}, {:ex_cldr, "~> 2.37", [hex: :ex_cldr, repo: "hexpm", optional: false]}, {:ex_cldr_currencies, ">= 2.14.2", [hex: :ex_cldr_currencies, repo: "hexpm", optional: false]}, {:jason, "~> 1.0", [hex: :jason, repo: "hexpm", optional: true]}], "hexpm", "6fd5a82f0785418fa8b698c0be2b1845dff92b77f1b3172c763d37868fb503d2"},
  "ex_cldr_plugs": {:hex, :ex_cldr_plugs, "1.3.1", "ae58748df815ad21b8618830374a28b2ab593230e5df70ed9f647e953a884bec", [:mix], [{:ex_cldr, "~> 2.37", [hex: :ex_cldr, repo: "hexpm", optional: false]}, {:gettext, "~> 0.19", [hex: :gettext, repo: "hexpm", optional: true]}, {:jason, "~> 1.0", [hex: :jason, repo: "hexpm", optional: true]}, {:plug, "~> 1.9", [hex: :plug, repo: "hexpm", optional: false]}], "hexpm", "4f7b4a5fe061734cef7b62ff29118ed6ac72698cdd7bcfc97495db73611fe0fe"},
  "ex_cldr_units": {:hex, :ex_cldr_units, "3.16.4", "fee054e9ebed40ef05cbb405cb0c7e7c9fda201f8f03ec0d1e54e879af413246", [:mix], [{:cldr_utils, "~> 2.24", [hex: :cldr_utils, repo: "hexpm", optional: false]}, {:decimal, "~> 1.6 or ~> 2.0", [hex: :decimal, repo: "hexpm", optional: false]}, {:ex_cldr_lists, "~> 2.10", [hex: :ex_cldr_lists, repo: "hexpm", optional: false]}, {:ex_cldr_numbers, "~> 2.31", [hex: :ex_cldr_numbers, repo: "hexpm", optional: false]}, {:ex_doc, "~> 0.18", [hex: :ex_doc, repo: "hexpm", optional: true]}, {:jason, "~> 1.0", [hex: :jason, repo: "hexpm", optional: true]}], "hexpm", "7c15c6357dd555a5bc6c72fdeb243e4706a04065753dbd2f40150f062ca996c7"},
  "ex_ulid": {:hex, :ex_ulid, "0.1.0", "e6e717c57344f6e500d0190ccb4edc862b985a3680f15834af992ec065d4dcff", [:mix], [], "hexpm", "a2befd477aebc4639563de7e233e175cacf8a8f42c8f6778c88d60c13bf20860"},
  "expo": {:hex, :expo, "0.5.2", "beba786aab8e3c5431813d7a44b828e7b922bfa431d6bfbada0904535342efe2", [:mix], [], "hexpm", "8c9bfa06ca017c9cb4020fabe980bc7fdb1aaec059fd004c2ab3bff03b1c599c"},
  "exto": {:hex, :exto, "0.3.0", "434fb795e5b2ea59d726345f8922ad05a0859036c6943f9560720534ae52846d", [:mix], [{:ecto, "~> 3.0", [hex: :ecto, repo: "hexpm", optional: false]}], "hexpm", "b6ad14306b3ff1d772a64ac245e4b8c9e348e570550826e6e1de1e4f49aae05c"},
  "faker": {:hex, :faker, "0.18.0", "943e479319a22ea4e8e39e8e076b81c02827d9302f3d32726c5bf82f430e6e14", [:mix], [], "hexpm", "bfbdd83958d78e2788e99ec9317c4816e651ad05e24cfd1196ce5db5b3e81797"},
  "floki": {:hex, :floki, "0.33.1", "f20f1eb471e726342b45ccb68edb9486729e7df94da403936ea94a794f072781", [:mix], [{:html_entities, "~> 0.5.0", [hex: :html_entities, repo: "hexpm", optional: false]}], "hexpm", "461035fd125f13fdf30f243c85a0b1e50afbec876cbf1ceefe6fddd2e6d712c6"},
  "flow": {:hex, :flow, "0.15.0", "503717c0e367b5713336181d5305106840f64abbad32c75d7af5ef1bb0908e38", [:mix], [{:gen_stage, "~> 0.14.0", [hex: :gen_stage, repo: "hexpm", optional: false]}], "hexpm", "d7ecbd4dd38a188494bc996d5014ef8335f436a0b262140a1f6441ae94714581"},
  "gen_stage": {:hex, :gen_stage, "0.14.3", "d0c66f1c87faa301c1a85a809a3ee9097a4264b2edf7644bf5c123237ef732bf", [:mix], [], "hexpm", "8453e2289d94c3199396eb517d65d6715ef26bcae0ee83eb5ff7a84445458d76"},
  "gettext": {:hex, :gettext, "0.24.0", "6f4d90ac5f3111673cbefc4ebee96fe5f37a114861ab8c7b7d5b30a1108ce6d8", [:mix], [{:expo, "~> 0.5.1", [hex: :expo, repo: "hexpm", optional: false]}], "hexpm", "bdf75cdfcbe9e4622dd18e034b227d77dd17f0f133853a1c73b97b3d6c770e8b"},
  "git_diff": {:hex, :git_diff, "0.6.4", "ec53ebf8bf83b4527d938d6433e3686b47a3e2a23135a21038f76736c16bb6e0", [:mix], [], "hexpm", "9e05563c136c91e960a306fd296156b2e8d74e294ae60961e69a36e118023a5f"},
  "hackney": {:hex, :hackney, "1.20.1", "8d97aec62ddddd757d128bfd1df6c5861093419f8f7a4223823537bad5d064e2", [:rebar3], [{:certifi, "~> 2.12.0", [hex: :certifi, repo: "hexpm", optional: false]}, {:idna, "~> 6.1.0", [hex: :idna, repo: "hexpm", optional: false]}, {:metrics, "~> 1.0.0", [hex: :metrics, repo: "hexpm", optional: false]}, {:mimerl, "~> 1.1", [hex: :mimerl, repo: "hexpm", optional: false]}, {:parse_trans, "3.4.1", [hex: :parse_trans, repo: "hexpm", optional: false]}, {:ssl_verify_fun, "~> 1.1.0", [hex: :ssl_verify_fun, repo: "hexpm", optional: false]}, {:unicode_util_compat, "~> 0.7.0", [hex: :unicode_util_compat, repo: "hexpm", optional: false]}], "hexpm", "fe9094e5f1a2a2c0a7d10918fee36bfec0ec2a979994cff8cfe8058cd9af38e3"},
  "html_entities": {:hex, :html_entities, "0.5.2", "9e47e70598da7de2a9ff6af8758399251db6dbb7eebe2b013f2bbd2515895c3c", [:mix], [], "hexpm", "c53ba390403485615623b9531e97696f076ed415e8d8058b1dbaa28181f4fdcc"},
  "html_sanitize_ex": {:hex, :html_sanitize_ex, "1.4.3", "67b3d9fa8691b727317e0cc96b9b3093be00ee45419ffb221cdeee88e75d1360", [:mix], [{:mochiweb, "~> 2.15 or ~> 3.1", [hex: :mochiweb, repo: "hexpm", optional: false]}], "hexpm", "87748d3c4afe949c7c6eb7150c958c2bcba43fc5b2a02686af30e636b74bccb7"},
  "httpoison": {:hex, :httpoison, "2.2.1", "87b7ed6d95db0389f7df02779644171d7319d319178f6680438167d7b69b1f3d", [:mix], [{:hackney, "~> 1.17", [hex: :hackney, repo: "hexpm", optional: false]}], "hexpm", "51364e6d2f429d80e14fe4b5f8e39719cacd03eb3f9a9286e61e216feac2d2df"},
  "idna": {:hex, :idna, "6.1.1", "8a63070e9f7d0c62eb9d9fcb360a7de382448200fbbd1b106cc96d3d8099df8d", [:rebar3], [{:unicode_util_compat, "~> 0.7.0", [hex: :unicode_util_compat, repo: "hexpm", optional: false]}], "hexpm", "92376eb7894412ed19ac475e4a86f7b413c1b9fbb5bd16dccd57934157944cea"},
  "jason": {:hex, :jason, "1.4.1", "af1504e35f629ddcdd6addb3513c3853991f694921b1b9368b0bd32beb9f1b63", [:mix], [{:decimal, "~> 1.0 or ~> 2.0", [hex: :decimal, repo: "hexpm", optional: true]}], "hexpm", "fbb01ecdfd565b56261302f7e1fcc27c4fb8f32d56eab74db621fc154604a7a1"},
  "json_serde": {:hex, :json_serde, "1.1.0", "d1646480e496405d5d9aa4ec54ed72189dcede25c1f4459943ff39ab7517e808", [:mix], [{:brex_result, "~> 0.4.0", [hex: :brex_result, repo: "hexpm", optional: false]}, {:decimal, "~> 2.0", [hex: :decimal, repo: "hexpm", optional: false]}, {:jason, "~> 1.3", [hex: :jason, repo: "hexpm", optional: false]}], "hexpm", "a2616f7cef85df1e95cd960f38904716c690e3e8b755067abadf63910b4deecc"},
  "metrics": {:hex, :metrics, "1.0.1", "25f094dea2cda98213cecc3aeff09e940299d950904393b2a29d191c346a8486", [:rebar3], [], "hexpm", "69b09adddc4f74a40716ae54d140f93beb0fb8978d8636eaded0c31b6f099f16"},
  "mime": {:hex, :mime, "2.0.5", "dc34c8efd439abe6ae0343edbb8556f4d63f178594894720607772a041b04b02", [:mix], [], "hexpm", "da0d64a365c45bc9935cc5c8a7fc5e49a0e0f9932a761c55d6c52b142780a05c"},
  "mimerl": {:hex, :mimerl, "1.2.0", "67e2d3f571088d5cfd3e550c383094b47159f3eee8ffa08e64106cdf5e981be3", [:rebar3], [], "hexpm", "f278585650aa581986264638ebf698f8bb19df297f66ad91b18910dfc6e19323"},
  "mochiweb": {:hex, :mochiweb, "3.2.1", "ff287e1ec653a0828f226cd5a009d52be74537dc3fc274b765525a77ce01f8ec", [:rebar3], [], "hexpm", "975466d335403a78cd58186636b8e960e3c84c4d9c1a85eb7fe53b6a5dd54de7"},
  "needle": {:hex, :needle, "0.7.1", "2272843b615d38ce7c9e549dd2f8784ee9b850aef846031114e0fd64bfee73de", [:mix], [{:ecto_sql, "~> 3.8", [hex: :ecto_sql, repo: "hexpm", optional: false]}, {:exto, "~> 0.3", [hex: :exto, repo: "hexpm", optional: false]}, {:needle_ulid, "~> 0.3", [hex: :needle_ulid, repo: "hexpm", optional: false]}, {:telemetry, "~> 0.4 or ~> 1.0", [hex: :telemetry, repo: "hexpm", optional: false]}], "hexpm", "4238739f377c885d71958da02512636e38a020042e8f2a580b3c4fc0e8a3a408"},
  "needle_ulid": {:hex, :needle_ulid, "0.3.0", "7ecccec131c5218ec7cf5f8a236c016f436e78dfd684204de9f66c40271e7e04", [:mix], [{:ecto, "~> 3.4", [hex: :ecto, repo: "hexpm", optional: false]}, {:ecto_sql, "~> 3.8", [hex: :ecto_sql, repo: "hexpm", optional: true]}, {:ex_ulid, "~> 0.1", [hex: :ex_ulid, repo: "hexpm", optional: false]}], "hexpm", "d54d0dc5267b3ba3a7f981060b329bc8fb1f55104d790e54d808c8a5f4cb3e93"},
  "neuron": {:hex, :neuron, "5.1.0", "dd321d5c2d9c03706ee7161ab49f8af634bfd1becb6fb95d8caa28bc95b6c655", [:mix], [{:httpoison, "~> 1.0 or ~> 2.0", [hex: :httpoison, repo: "hexpm", optional: false]}, {:jason, "~> 1.1", [hex: :jason, repo: "hexpm", optional: true]}], "hexpm", "23cddb0e0dd9c0eea247bc5b4bc3e1f8b52dbaf63f1637623920ec0b2385b6ce"},
  "nimble_options": {:hex, :nimble_options, "1.1.0", "3b31a57ede9cb1502071fade751ab0c7b8dbe75a9a4c2b5bbb0943a690b63172", [:mix], [], "hexpm", "8bbbb3941af3ca9acc7835f5655ea062111c9c27bcac53e004460dfd19008a99"},
  "opentelemetry_api": {:hex, :opentelemetry_api, "1.2.2", "693f47b0d8c76da2095fe858204cfd6350c27fe85d00e4b763deecc9588cf27a", [:mix, :rebar3], [{:opentelemetry_semantic_conventions, "~> 0.2", [hex: :opentelemetry_semantic_conventions, repo: "hexpm", optional: false]}], "hexpm", "dc77b9a00f137a858e60a852f14007bb66eda1ffbeb6c05d5fe6c9e678b05e9d"},
  "opentelemetry_semantic_conventions": {:hex, :opentelemetry_semantic_conventions, "0.2.0", "b67fe459c2938fcab341cb0951c44860c62347c005ace1b50f8402576f241435", [:mix, :rebar3], [], "hexpm", "d61fa1f5639ee8668d74b527e6806e0503efc55a42db7b5f39939d84c07d6895"},
  "paginator": {:git, "https://github.com/bonfire-networks/paginator", "11f284a17ee2c04633040a66545fa176bd499d78", [branch: "main"]},
  "parse_trans": {:hex, :parse_trans, "3.4.1", "6e6aa8167cb44cc8f39441d05193be6e6f4e7c2946cb2759f015f8c56b76e5ff", [:rebar3], [], "hexpm", "620a406ce75dada827b82e453c19cf06776be266f5a67cff34e1ef2cbb60e49a"},
  "plug": {:hex, :plug, "1.15.3", "712976f504418f6dff0a3e554c40d705a9bcf89a7ccef92fc6a5ef8f16a30a97", [:mix], [{:mime, "~> 1.0 or ~> 2.0", [hex: :mime, repo: "hexpm", optional: false]}, {:plug_crypto, "~> 1.1.1 or ~> 1.2 or ~> 2.0", [hex: :plug_crypto, repo: "hexpm", optional: false]}, {:telemetry, "~> 0.4.3 or ~> 1.0", [hex: :telemetry, repo: "hexpm", optional: false]}], "hexpm", "cc4365a3c010a56af402e0809208873d113e9c38c401cabd88027ef4f5c01fd2"},
  "plug_crypto": {:hex, :plug_crypto, "2.0.0", "77515cc10af06645abbfb5e6ad7a3e9714f805ae118fa1a70205f80d2d70fe73", [:mix], [], "hexpm", "53695bae57cc4e54566d993eb01074e4d894b65a3766f1c43e2c61a1b0f45ea9"},
  "process_tree": {:hex, :process_tree, "0.1.1", "b606f297ded2c9cb38384fee9d0a762eee115fdd99f2f43ff5a0a4ed51a5bfa4", [:mix], [], "hexpm", "4048bb77f2c1673f3ecacc453a32b0cc3b95b0fd113ae0265ba527e3b1109b1b"},
  "recase": {:hex, :recase, "0.7.0", "3f2f719f0886c7a3b7fe469058ec539cb7bbe0023604ae3bce920e186305e5ae", [:mix], [], "hexpm", "36f5756a9f552f4a94b54a695870e32f4e72d5fad9c25e61bc4a3151c08a4e0c"},
  "sentry": {:hex, :sentry, "10.1.0", "5d73c23deb5d95f3027fbb09801bd8e787065be61f0065418aed3961becbbe9f", [:mix], [{:hackney, "~> 1.8", [hex: :hackney, repo: "hexpm", optional: true]}, {:jason, "~> 1.1", [hex: :jason, repo: "hexpm", optional: true]}, {:nimble_options, "~> 1.0", [hex: :nimble_options, repo: "hexpm", optional: false]}, {:plug, "~> 1.6", [hex: :plug, repo: "hexpm", optional: true]}, {:plug_cowboy, "~> 2.3", [hex: :plug_cowboy, repo: "hexpm", optional: true]}], "hexpm", "f4319e7491133046912b4cf7cbe6f5226b309275d1a6d05386cce2ac7f97b2d2"},
  "ssl_verify_fun": {:hex, :ssl_verify_fun, "1.1.7", "354c321cf377240c7b8716899e182ce4890c5938111a1296add3ec74cf1715df", [:make, :mix, :rebar3], [], "hexpm", "fe4c190e8f37401d30167c8c405eda19469f34577987c76dde613e838bbc67f8"},
  "telemetry": {:hex, :telemetry, "1.2.1", "68fdfe8d8f05a8428483a97d7aab2f268aaff24b49e0f599faa091f1d4e7f61c", [:rebar3], [], "hexpm", "dad9ce9d8effc621708f99eac538ef1cbe05d6a874dd741de2e689c47feafed5"},
  "text": {:hex, :text, "0.2.0", "5a1d84eec574533d500439feacafe3681e2326f883800976df9f9dffd4cf9afd", [:mix], [{:flow, "~> 0.14", [hex: :flow, repo: "hexpm", optional: false]}], "hexpm", "5ca265ba24bd2f00ab647dd524305e24cc17224b4f0052f169ff488013888bc3"},
  "text_corpus_udhr": {:hex, :text_corpus_udhr, "0.1.0", "d29b37bdeedc922138e144a7161cae4ece3d7809d37a52398cb9d43d923cc141", [:mix], [{:text, "~> 0.2", [hex: :text, repo: "hexpm", optional: false]}], "hexpm", "056a0b6a804ef03070f89b9b2e09d3271539654f4e2c30bb7d229730262f3fb8"},
  "timex": {:hex, :timex, "3.7.11", "bb95cb4eb1d06e27346325de506bcc6c30f9c6dea40d1ebe390b262fad1862d1", [:mix], [{:combine, "~> 0.10", [hex: :combine, repo: "hexpm", optional: false]}, {:gettext, "~> 0.20", [hex: :gettext, repo: "hexpm", optional: false]}, {:tzdata, "~> 1.1", [hex: :tzdata, repo: "hexpm", optional: false]}], "hexpm", "8b9024f7efbabaf9bd7aa04f65cf8dcd7c9818ca5737677c7b76acbc6a94d1aa"},
  "tzdata": {:hex, :tzdata, "1.1.1", "20c8043476dfda8504952d00adac41c6eda23912278add38edc140ae0c5bcc46", [:mix], [{:hackney, "~> 1.17", [hex: :hackney, repo: "hexpm", optional: false]}], "hexpm", "a69cec8352eafcd2e198dea28a34113b60fdc6cb57eb5ad65c10292a6ba89787"},
  "unicode_util_compat": {:hex, :unicode_util_compat, "0.7.0", "bc84380c9ab48177092f43ac89e4dfa2c6d62b40b8bd132b1059ecc7232f9a78", [:rebar3], [], "hexpm", "25eee6d67df61960cf6a794239566599b09e17e668d3700247bc498638152521"},
  "untangle": {:hex, :untangle, "0.3.0", "8fb3038ddc96aeec9989aa7b410355297231bd5cee7b718e24aa1efe174fce3a", [:mix], [{:decorator, "~> 1.4", [hex: :decorator, repo: "hexpm", optional: false]}], "hexpm", "9ac26c397155636feaed260b8edcfa01f62af62ab929bad385fbb94beacb5a38"},
  "zest": {:hex, :zest, "0.1.2", "ddf3a045ee32c6452b8ac050b22da0b2eceae5aaa7d63163fb09e5fbb925fbbe", [:mix], [], "hexpm", "ebe2d6acf615de286e45846a3d6daf72d7c20f2c5eefada6d8a1729256a3974a"},
}
