lockfileVersion: 5.4

specifiers:
  '@yaireo/tagify': ^4.9.4
  prop-types: ^15.8.0

dependencies:
  '@yaireo/tagify': 4.9.8_prop-types@15.8.1

devDependencies:
  prop-types: 15.8.1

packages:

  /@yaireo/tagify/4.9.8_prop-types@15.8.1:
    resolution: {integrity: sha512-JqRTN4vb5tx06PJIRIOAlriO/B6u+a3jD/VBb5x6E1MOlC4wrMfaLHmNnrMpiZCHMXox7pVmrtNuyBe4YReJ4w==}
    peerDependencies:
      prop-types: ^15.7.2
    dependencies:
      prop-types: 15.8.1
    dev: false

  /js-tokens/4.0.0:
    resolution: {integrity: sha512-RdJUflcE3cUzKiMqQgsCu06FPu9UdIJO0beYbPhHN4k6apgJtifcoCtT9bcxOpYBtpD2kCM6Sbzg4CausW/PKQ==}
    dev: true

  /loose-envify/1.4.0:
    resolution: {integrity: sha512-lyuxPGr/Wfhrlem2CL/UcnUc1zcqKAImBDzukY7Y5F/yQiNdko6+fRLevlw1HgMySw7f611UIY408EtxRSoK3Q==}
    hasBin: true
    dependencies:
      js-tokens: 4.0.0
    dev: true

  /object-assign/4.1.1:
    resolution: {integrity: sha1-IQmtx5ZYh8/AXLvUQsrIv7s2CGM=}
    engines: {node: '>=0.10.0'}
    dev: true

  /prop-types/15.8.1:
    resolution: {integrity: sha512-oj87CgZICdulUohogVAR7AjlC0327U4el4L6eAvOqCeudMDVU0NThNaV+b9Df4dXgSP1gXMTnPdhfe/2qDH5cg==}
    dependencies:
      loose-envify: 1.4.0
      object-assign: 4.1.1
      react-is: 16.13.1
    dev: true

  /react-is/16.13.1:
    resolution: {integrity: sha512-24e6ynE2H+OKt4kqsOvNd8kBpV65zoxbA4BVsEOB3ARVWQki/DHzaUoC5KuON/BiccDaCCTZBuOcfZs70kR8bQ==}
    dev: true
